// !$*UTF8*$!
{
	archiveVersion = 1;
	classes = {
	};
	objectVersion = 56;
	objects = {

/* Begin PBXBuildFile section */
		ECA2CD5E2AF29B0B00D73403 /* AppDelegate.swift in Sources */ = {isa = PBXBuildFile; fileRef = ECA2CD5D2AF29B0B00D73403 /* AppDelegate.swift */; };
		ECA2CD602AF29B0B00D73403 /* SceneDelegate.swift in Sources */ = {isa = PBXBuildFile; fileRef = ECA2CD5F2AF29B0B00D73403 /* SceneDelegate.swift */; };
		ECA2CD622AF29B0B00D73403 /* ViewController.swift in Sources */ = {isa = PBXBuildFile; fileRef = ECA2CD612AF29B0B00D73403 /* ViewController.swift */; };
		ECA2CD652AF29B0B00D73403 /* Main.storyboard in Resources */ = {isa = PBXBuildFile; fileRef = ECA2CD632AF29B0B00D73403 /* Main.storyboard */; };
		ECA2CD682AF29B0B00D73403 /* Dog_Lister.xcdatamodeld in Sources */ = {isa = PBXBuildFile; fileRef = ECA2CD662AF29B0B00D73403 /* Dog_Lister.xcdatamodeld */; };
		ECA2CD6A2AF29B0D00D73403 /* Assets.xcassets in Resources */ = {isa = PBXBuildFile; fileRef = ECA2CD692AF29B0D00D73403 /* Assets.xcassets */; };
		ECA2CD6D2AF29B0D00D73403 /* LaunchScreen.storyboard in Resources */ = {isa = PBXBuildFile; fileRef = ECA2CD6B2AF29B0D00D73403 /* LaunchScreen.storyboard */; };
		ECA2CD782AF29B0D00D73403 /* Dog_ListerTests.swift in Sources */ = {isa = PBXBuildFile; fileRef = ECA2CD772AF29B0D00D73403 /* Dog_ListerTests.swift */; };
		ECA2CD822AF29B0D00D73403 /* Dog_ListerUITests.swift in Sources */ = {isa = PBXBuildFile; fileRef = ECA2CD812AF29B0D00D73403 /* Dog_ListerUITests.swift */; };
		ECA2CD842AF29B0D00D73403 /* Dog_ListerUITestsLaunchTests.swift in Sources */ = {isa = PBXBuildFile; fileRef = ECA2CD832AF29B0D00D73403 /* Dog_ListerUITestsLaunchTests.swift */; };
/* End PBXBuildFile section */

/* Begin PBXContainerItemProxy section */
		ECA2CD742AF29B0D00D73403 /* PBXContainerItemProxy */ = {
			isa = PBXContainerItemProxy;
			containerPortal = ECA2CD522AF29B0B00D73403 /* Project object */;
			proxyType = 1;
			remoteGlobalIDString = ECA2CD592AF29B0B00D73403;
			remoteInfo = "Dog Lister";
		};
		ECA2CD7E2AF29B0D00D73403 /* PBXContainerItemProxy */ = {
			isa = PBXContainerItemProxy;
			containerPortal = ECA2CD522AF29B0B00D73403 /* Project object */;
			proxyType = 1;
			remoteGlobalIDString = ECA2CD592AF29B0B00D73403;
			remoteInfo = "Dog Lister";
		};
/* End PBXContainerItemProxy section */

/* Begin PBXFileReference section */
		ECA2CD5A2AF29B0B00D73403 /* Dog Lister.app */ = {isa = PBXFileReference; explicitFileType = wrapper.application; includeInIndex = 0; path = "Dog Lister.app"; sourceTree = BUILT_PRODUCTS_DIR; };
		ECA2CD5D2AF29B0B00D73403 /* AppDelegate.swift */ = {isa = PBXFileReference; lastKnownFileType = sourcecode.swift; path = AppDelegate.swift; sourceTree = "<group>"; };
		ECA2CD5F2AF29B0B00D73403 /* SceneDelegate.swift */ = {isa = PBXFileReference; lastKnownFileType = sourcecode.swift; path = SceneDelegate.swift; sourceTree = "<group>"; };
		ECA2CD612AF29B0B00D73403 /* ViewController.swift */ = {isa = PBXFileReference; lastKnownFileType = sourcecode.swift; path = ViewController.swift; sourceTree = "<group>"; };
		ECA2CD642AF29B0B00D73403 /* Base */ = {isa = PBXFileReference; lastKnownFileType = file.storyboard; name = Base; path = Base.lproj/Main.storyboard; sourceTree = "<group>"; };
		ECA2CD672AF29B0B00D73403 /* Dog_Lister.xcdatamodel */ = {isa = PBXFileReference; lastKnownFileType = wrapper.xcdatamodel; path = Dog_Lister.xcdatamodel; sourceTree = "<group>"; };
		ECA2CD692AF29B0D00D73403 /* Assets.xcassets */ = {isa = PBXFileReference; lastKnownFileType = folder.assetcatalog; path = Assets.xcassets; sourceTree = "<group>"; };
		ECA2CD6C2AF29B0D00D73403 /* Base */ = {isa = PBXFileReference; lastKnownFileType = file.storyboard; name = Base; path = Base.lproj/LaunchScreen.storyboard; sourceTree = "<group>"; };
		ECA2CD6E2AF29B0D00D73403 /* Info.plist */ = {isa = PBXFileReference; lastKnownFileType = text.plist.xml; path = Info.plist; sourceTree = "<group>"; };
		ECA2CD732AF29B0D00D73403 /* Dog ListerTests.xctest */ = {isa = PBXFileReference; explicitFileType = wrapper.cfbundle; includeInIndex = 0; path = "Dog ListerTests.xctest"; sourceTree = BUILT_PRODUCTS_DIR; };
		ECA2CD772AF29B0D00D73403 /* Dog_ListerTests.swift */ = {isa = PBXFileReference; lastKnownFileType = sourcecode.swift; path = Dog_ListerTests.swift; sourceTree = "<group>"; };
		ECA2CD7D2AF29B0D00D73403 /* Dog ListerUITests.xctest */ = {isa = PBXFileReference; explicitFileType = wrapper.cfbundle; includeInIndex = 0; path = "Dog ListerUITests.xctest"; sourceTree = BUILT_PRODUCTS_DIR; };
		ECA2CD812AF29B0D00D73403 /* Dog_ListerUITests.swift */ = {isa = PBXFileReference; lastKnownFileType = sourcecode.swift; path = Dog_ListerUITests.swift; sourceTree = "<group>"; };
		ECA2CD832AF29B0D00D73403 /* Dog_ListerUITestsLaunchTests.swift */ = {isa = PBXFileReference; lastKnownFileType = sourcecode.swift; path = Dog_ListerUITestsLaunchTests.swift; sourceTree = "<group>"; };
/* End PBXFileReference section */

/* Begin PBXFrameworksBuildPhase section */
		ECA2CD572AF29B0B00D73403 /* Frameworks */ = {
			isa = PBXFrameworksBuildPhase;
			buildActionMask = 2147483647;
			files = (
			);
			runOnlyForDeploymentPostprocessing = 0;
		};
		ECA2CD702AF29B0D00D73403 /* Frameworks */ = {
			isa = PBXFrameworksBuildPhase;
			buildActionMask = 2147483647;
			files = (
			);
			runOnlyForDeploymentPostprocessing = 0;
		};
		ECA2CD7A2AF29B0D00D73403 /* Frameworks */ = {
			isa = PBXFrameworksBuildPhase;
			buildActionMask = 2147483647;
			files = (
			);
			runOnlyForDeploymentPostprocessing = 0;
		};
/* End PBXFrameworksBuildPhase section */

/* Begin PBXGroup section */
		ECA2CD512AF29B0B00D73403 = {
			isa = PBXGroup;
			children = (
				ECA2CD5C2AF29B0B00D73403 /* Dog Lister */,
				ECA2CD762AF29B0D00D73403 /* Dog ListerTests */,
				ECA2CD802AF29B0D00D73403 /* Dog ListerUITests */,
				ECA2CD5B2AF29B0B00D73403 /* Products */,
			);
			sourceTree = "<group>";
		};
		ECA2CD5B2AF29B0B00D73403 /* Products */ = {
			isa = PBXGroup;
			children = (
				ECA2CD5A2AF29B0B00D73403 /* Dog Lister.app */,
				ECA2CD732AF29B0D00D73403 /* Dog ListerTests.xctest */,
				ECA2CD7D2AF29B0D00D73403 /* Dog ListerUITests.xctest */,
			);
			name = Products;
			sourceTree = "<group>";
		};
		ECA2CD5C2AF29B0B00D73403 /* Dog Lister */ = {
			isa = PBXGroup;
			children = (
				ECA2CD5D2AF29B0B00D73403 /* AppDelegate.swift */,
				ECA2CD5F2AF29B0B00D73403 /* SceneDelegate.swift */,
				ECA2CD612AF29B0B00D73403 /* ViewController.swift */,
				ECA2CD632AF29B0B00D73403 /* Main.storyboard */,
				ECA2CD692AF29B0D00D73403 /* Assets.xcassets */,
				ECA2CD6B2AF29B0D00D73403 /* LaunchScreen.storyboard */,
				ECA2CD6E2AF29B0D00D73403 /* Info.plist */,
				ECA2CD662AF29B0B00D73403 /* Dog_Lister.xcdatamodeld */,
			);
			path = "Dog Lister";
			sourceTree = "<group>";
		};
		ECA2CD762AF29B0D00D73403 /* Dog ListerTests */ = {
			isa = PBXGroup;
			children = (
				ECA2CD772AF29B0D00D73403 /* Dog_ListerTests.swift */,
			);
			path = "Dog ListerTests";
			sourceTree = "<group>";
		};
		ECA2CD802AF29B0D00D73403 /* Dog ListerUITests */ = {
			isa = PBXGroup;
			children = (
				ECA2CD812AF29B0D00D73403 /* Dog_ListerUITests.swift */,
				ECA2CD832AF29B0D00D73403 /* Dog_ListerUITestsLaunchTests.swift */,
			);
			path = "Dog ListerUITests";
			sourceTree = "<group>";
		};
/* End PBXGroup section */

/* Begin PBXNativeTarget section */
		ECA2CD592AF29B0B00D73403 /* Dog Lister */ = {
			isa = PBXNativeTarget;
			buildConfigurationList = ECA2CD872AF29B0D00D73403 /* Build configuration list for PBXNativeTarget "Dog Lister" */;
			buildPhases = (
				ECA2CD562AF29B0B00D73403 /* Sources */,
				ECA2CD572AF29B0B00D73403 /* Frameworks */,
				ECA2CD582AF29B0B00D73403 /* Resources */,
			);
			buildRules = (
			);
			dependencies = (
			);
			name = "Dog Lister";
			productName = "Dog Lister";
			productReference = ECA2CD5A2AF29B0B00D73403 /* Dog Lister.app */;
			productType = "com.apple.product-type.application";
		};
		ECA2CD722AF29B0D00D73403 /* Dog ListerTests */ = {
			isa = PBXNativeTarget;
			buildConfigurationList = ECA2CD8A2AF29B0D00D73403 /* Build configuration list for PBXNativeTarget "Dog ListerTests" */;
			buildPhases = (
				ECA2CD6F2AF29B0D00D73403 /* Sources */,
				ECA2CD702AF29B0D00D73403 /* Frameworks */,
				ECA2CD712AF29B0D00D73403 /* Resources */,
			);
			buildRules = (
			);
			dependencies = (
				ECA2CD752AF29B0D00D73403 /* PBXTargetDependency */,
			);
			name = "Dog ListerTests";
			productName = "Dog ListerTests";
			productReference = ECA2CD732AF29B0D00D73403 /* Dog ListerTests.xctest */;
			productType = "com.apple.product-type.bundle.unit-test";
		};
		ECA2CD7C2AF29B0D00D73403 /* Dog ListerUITests */ = {
			isa = PBXNativeTarget;
			buildConfigurationList = ECA2CD8D2AF29B0D00D73403 /* Build configuration list for PBXNativeTarget "Dog ListerUITests" */;
			buildPhases = (
				ECA2CD792AF29B0D00D73403 /* Sources */,
				ECA2CD7A2AF29B0D00D73403 /* Frameworks */,
				ECA2CD7B2AF29B0D00D73403 /* Resources */,
			);
			buildRules = (
			);
			dependencies = (
				ECA2CD7F2AF29B0D00D73403 /* PBXTargetDependency */,
			);
			name = "Dog ListerUITests";
			productName = "Dog ListerUITests";
			productReference = ECA2CD7D2AF29B0D00D73403 /* Dog ListerUITests.xctest */;
			productType = "com.apple.product-type.bundle.ui-testing";
		};
/* End PBXNativeTarget section */

/* Begin PBXProject section */
		ECA2CD522AF29B0B00D73403 /* Project object */ = {
			isa = PBXProject;
			attributes = {
				BuildIndependentTargetsInParallel = 1;
				LastSwiftUpdateCheck = 1500;
				LastUpgradeCheck = 1500;
				TargetAttributes = {
					ECA2CD592AF29B0B00D73403 = {
						CreatedOnToolsVersion = 15.0.1;
					};
					ECA2CD722AF29B0D00D73403 = {
						CreatedOnToolsVersion = 15.0.1;
						TestTargetID = ECA2CD592AF29B0B00D73403;
					};
					ECA2CD7C2AF29B0D00D73403 = {
						CreatedOnToolsVersion = 15.0.1;
						TestTargetID = ECA2CD592AF29B0B00D73403;
					};
				};
			};
			buildConfigurationList = ECA2CD552AF29B0B00D73403 /* Build configuration list for PBXProject "Dog Lister" */;
			compatibilityVersion = "Xcode 14.0";
			developmentRegion = en;
			hasScannedForEncodings = 0;
			knownRegions = (
				en,
				Base,
			);
			mainGroup = ECA2CD512AF29B0B00D73403;
			productRefGroup = ECA2CD5B2AF29B0B00D73403 /* Products */;
			projectDirPath = "";
			projectRoot = "";
			targets = (
				ECA2CD592AF29B0B00D73403 /* Dog Lister */,
				ECA2CD722AF29B0D00D73403 /* Dog ListerTests */,
				ECA2CD7C2AF29B0D00D73403 /* Dog ListerUITests */,
			);
		};
/* End PBXProject section */

/* Begin PBXResourcesBuildPhase section */
		ECA2CD582AF29B0B00D73403 /* Resources */ = {
			isa = PBXResourcesBuildPhase;
			buildActionMask = 2147483647;
			files = (
				ECA2CD6D2AF29B0D00D73403 /* LaunchScreen.storyboard in Resources */,
				ECA2CD6A2AF29B0D00D73403 /* Assets.xcassets in Resources */,
				ECA2CD652AF29B0B00D73403 /* Main.storyboard in Resources */,
			);
			runOnlyForDeploymentPostprocessing = 0;
		};
		ECA2CD712AF29B0D00D73403 /* Resources */ = {
			isa = PBXResourcesBuildPhase;
			buildActionMask = 2147483647;
			files = (
			);
			runOnlyForDeploymentPostprocessing = 0;
		};
		ECA2CD7B2AF29B0D00D73403 /* Resources */ = {
			isa = PBXResourcesBuildPhase;
			buildActionMask = 2147483647;
			files = (
			);
			runOnlyForDeploymentPostprocessing = 0;
		};
/* End PBXResourcesBuildPhase section */

/* Begin PBXSourcesBuildPhase section */
		ECA2CD562AF29B0B00D73403 /* Sources */ = {
			isa = PBXSourcesBuildPhase;
			buildActionMask = 2147483647;
			files = (
				ECA2CD622AF29B0B00D73403 /* ViewController.swift in Sources */,
				ECA2CD5E2AF29B0B00D73403 /* AppDelegate.swift in Sources */,
				ECA2CD602AF29B0B00D73403 /* SceneDelegate.swift in Sources */,
				ECA2CD682AF29B0B00D73403 /* Dog_Lister.xcdatamodeld in Sources */,
			);
			runOnlyForDeploymentPostprocessing = 0;
		};
		ECA2CD6F2AF29B0D00D73403 /* Sources */ = {
			isa = PBXSourcesBuildPhase;
			buildActionMask = 2147483647;
			files = (
				ECA2CD782AF29B0D00D73403 /* Dog_ListerTests.swift in Sources */,
			);
			runOnlyForDeploymentPostprocessing = 0;
		};
		ECA2CD792AF29B0D00D73403 /* Sources */ = {
			isa = PBXSourcesBuildPhase;
			buildActionMask = 2147483647;
			files = (
				ECA2CD842AF29B0D00D73403 /* Dog_ListerUITestsLaunchTests.swift in Sources */,
				ECA2CD822AF29B0D00D73403 /* Dog_ListerUITests.swift in Sources */,
			);
			runOnlyForDeploymentPostprocessing = 0;
		};
/* End PBXSourcesBuildPhase section */

/* Begin PBXTargetDependency section */
		ECA2CD752AF29B0D00D73403 /* PBXTargetDependency */ = {
			isa = PBXTargetDependency;
			target = ECA2CD592AF29B0B00D73403 /* Dog Lister */;
			targetProxy = ECA2CD742AF29B0D00D73403 /* PBXContainerItemProxy */;
		};
		ECA2CD7F2AF29B0D00D73403 /* PBXTargetDependency */ = {
			isa = PBXTargetDependency;
			target = ECA2CD592AF29B0B00D73403 /* Dog Lister */;
			targetProxy = ECA2CD7E2AF29B0D00D73403 /* PBXContainerItemProxy */;
		};
/* End PBXTargetDependency section */

/* Begin PBXVariantGroup section */
		ECA2CD632AF29B0B00D73403 /* Main.storyboard */ = {
			isa = PBXVariantGroup;
			children = (
				ECA2CD642AF29B0B00D73403 /* Base */,
			);
			name = Main.storyboard;
			sourceTree = "<group>";
		};
		ECA2CD6B2AF29B0D00D73403 /* LaunchScreen.storyboard */ = {
			isa = PBXVariantGroup;
			children = (
				ECA2CD6C2AF29B0D00D73403 /* Base */,
			);
			name = LaunchScreen.storyboard;
			sourceTree = "<group>";
		};
/* End PBXVariantGroup section */

/* Begin XCBuildConfiguration section */
		ECA2CD852AF29B0D00D73403 /* Debug */ = {
			isa = XCBuildConfiguration;
			buildSettings = {
				ALWAYS_SEARCH_USER_PATHS = NO;
				ASSETCATALOG_COMPILER_GENERATE_SWIFT_ASSET_SYMBOL_EXTENSIONS = YES;
				CLANG_ANALYZER_NONNULL = YES;
				CLANG_ANALYZER_NUMBER_OBJECT_CONVERSION = YES_AGGRESSIVE;
				CLANG_CXX_LANGUAGE_STANDARD = "gnu++20";
				CLANG_ENABLE_MODULES = YES;
				CLANG_ENABLE_OBJC_ARC = YES;
				CLANG_ENABLE_OBJC_WEAK = YES;
				CLANG_WARN_BLOCK_CAPTURE_AUTORELEASING = YES;
				CLANG_WARN_BOOL_CONVERSION = YES;
				CLANG_WARN_COMMA = YES;
				CLANG_WARN_CONSTANT_CONVERSION = YES;
				CLANG_WARN_DEPRECATED_OBJC_IMPLEMENTATIONS = YES;
				CLANG_WARN_DIRECT_OBJC_ISA_USAGE = YES_ERROR;
				CLANG_WARN_DOCUMENTATION_COMMENTS = YES;
				CLANG_WARN_EMPTY_BODY = YES;
				CLANG_WARN_ENUM_CONVERSION = YES;
				CLANG_WARN_INFINITE_RECURSION = YES;
				CLANG_WARN_INT_CONVERSION = YES;
				CLANG_WARN_NON_LITERAL_NULL_CONVERSION = YES;
				CLANG_WARN_OBJC_IMPLICIT_RETAIN_SELF = YES;
				CLANG_WARN_OBJC_LITERAL_CONVERSION = YES;
				CLANG_WARN_OBJC_ROOT_CLASS = YES_ERROR;
				CLANG_WARN_QUOTED_INCLUDE_IN_FRAMEWORK_HEADER = YES;
				CLANG_WARN_RANGE_LOOP_ANALYSIS = YES;
				CLANG_WARN_STRICT_PROTOTYPES = YES;
				CLANG_WARN_SUSPICIOUS_MOVE = YES;
				CLANG_WARN_UNGUARDED_AVAILABILITY = YES_AGGRESSIVE;
				CLANG_WARN_UNREACHABLE_CODE = YES;
				CLANG_WARN__DUPLICATE_METHOD_MATCH = YES;
				COPY_PHASE_STRIP = NO;
				DEBUG_INFORMATION_FORMAT = dwarf;
				ENABLE_STRICT_OBJC_MSGSEND = YES;
				ENABLE_TESTABILITY = YES;
				ENABLE_USER_SCRIPT_SANDBOXING = YES;
				GCC_C_LANGUAGE_STANDARD = gnu17;
				GCC_DYNAMIC_NO_PIC = NO;
				GCC_NO_COMMON_BLOCKS = YES;
				GCC_OPTIMIZATION_LEVEL = 0;
				GCC_PREPROCESSOR_DEFINITIONS = (
					"DEBUG=1",
					"$(inherited)",
				);
				GCC_WARN_64_TO_32_BIT_CONVERSION = YES;
				GCC_WARN_ABOUT_RETURN_TYPE = YES_ERROR;
				GCC_WARN_UNDECLARED_SELECTOR = YES;
				GCC_WARN_UNINITIALIZED_AUTOS = YES_AGGRESSIVE;
				GCC_WARN_UNUSED_FUNCTION = YES;
				GCC_WARN_UNUSED_VARIABLE = YES;
				IPHONEOS_DEPLOYMENT_TARGET = 17.0;
				LOCALIZATION_PREFERS_STRING_CATALOGS = YES;
				MTL_ENABLE_DEBUG_INFO = INCLUDE_SOURCE;
				MTL_FAST_MATH = YES;
				ONLY_ACTIVE_ARCH = YES;
				SDKROOT = iphoneos;
				SWIFT_ACTIVE_COMPILATION_CONDITIONS = "DEBUG $(inherited)";
				SWIFT_OPTIMIZATION_LEVEL = "-Onone";
			};
			name = Debug;
		};
		ECA2CD862AF29B0D00D73403 /* Release */ = {
			isa = XCBuildConfiguration;
			buildSettings = {
				ALWAYS_SEARCH_USER_PATHS = NO;
				ASSETCATALOG_COMPILER_GENERATE_SWIFT_ASSET_SYMBOL_EXTENSIONS = YES;
				CLANG_ANALYZER_NONNULL = YES;
				CLANG_ANALYZER_NUMBER_OBJECT_CONVERSION = YES_AGGRESSIVE;
				CLANG_CXX_LANGUAGE_STANDARD = "gnu++20";
				CLANG_ENABLE_MODULES = YES;
				CLANG_ENABLE_OBJC_ARC = YES;
				CLANG_ENABLE_OBJC_WEAK = YES;
				CLANG_WARN_BLOCK_CAPTURE_AUTORELEASING = YES;
				CLANG_WARN_BOOL_CONVERSION = YES;
				CLANG_WARN_COMMA = YES;
				CLANG_WARN_CONSTANT_CONVERSION = YES;
				CLANG_WARN_DEPRECATED_OBJC_IMPLEMENTATIONS = YES;
				CLANG_WARN_DIRECT_OBJC_ISA_USAGE = YES_ERROR;
				CLANG_WARN_DOCUMENTATION_COMMENTS = YES;
				CLANG_WARN_EMPTY_BODY = YES;
				CLANG_WARN_ENUM_CONVERSION = YES;
				CLANG_WARN_INFINITE_RECURSION = YES;
				CLANG_WARN_INT_CONVERSION = YES;
				CLANG_WARN_NON_LITERAL_NULL_CONVERSION = YES;
				CLANG_WARN_OBJC_IMPLICIT_RETAIN_SELF = YES;
				CLANG_WARN_OBJC_LITERAL_CONVERSION = YES;
				CLANG_WARN_OBJC_ROOT_CLASS = YES_ERROR;
				CLANG_WARN_QUOTED_INCLUDE_IN_FRAMEWORK_HEADER = YES;
				CLANG_WARN_RANGE_LOOP_ANALYSIS = YES;
				CLANG_WARN_STRICT_PROTOTYPES = YES;
				CLANG_WARN_SUSPICIOUS_MOVE = YES;
				CLANG_WARN_UNGUARDED_AVAILABILITY = YES_AGGRESSIVE;
				CLANG_WARN_UNREACHABLE_CODE = YES;
				CLANG_WARN__DUPLICATE_METHOD_MATCH = YES;
				COPY_PHASE_STRIP = NO;
				DEBUG_INFORMATION_FORMAT = "dwarf-with-dsym";
				ENABLE_NS_ASSERTIONS = NO;
				ENABLE_STRICT_OBJC_MSGSEND = YES;
				ENABLE_USER_SCRIPT_SANDBOXING = YES;
				GCC_C_LANGUAGE_STANDARD = gnu17;
				GCC_NO_COMMON_BLOCKS = YES;
				GCC_WARN_64_TO_32_BIT_CONVERSION = YES;
				GCC_WARN_ABOUT_RETURN_TYPE = YES_ERROR;
				GCC_WARN_UNDECLARED_SELECTOR = YES;
				GCC_WARN_UNINITIALIZED_AUTOS = YES_AGGRESSIVE;
				GCC_WARN_UNUSED_FUNCTION = YES;
				GCC_WARN_UNUSED_VARIABLE = YES;
				IPHONEOS_DEPLOYMENT_TARGET = 17.0;
				LOCALIZATION_PREFERS_STRING_CATALOGS = YES;
				MTL_ENABLE_DEBUG_INFO = NO;
				MTL_FAST_MATH = YES;
				SDKROOT = iphoneos;
				SWIFT_COMPILATION_MODE = wholemodule;
				VALIDATE_PRODUCT = YES;
			};
			name = Release;
		};
		ECA2CD882AF29B0D00D73403 /* Debug */ = {
			isa = XCBuildConfiguration;
			buildSettings = {
				ASSETCATALOG_COMPILER_APPICON_NAME = AppIcon;
				ASSETCATALOG_COMPILER_GLOBAL_ACCENT_COLOR_NAME = AccentColor;
				CODE_SIGN_STYLE = Automatic;
				CURRENT_PROJECT_VERSION = 1;
				DEVELOPMENT_TEAM = KCTBAQYZF8;
				GENERATE_INFOPLIST_FILE = YES;
				INFOPLIST_FILE = "Dog Lister/Info.plist";
				INFOPLIST_KEY_UIApplicationSupportsIndirectInputEvents = YES;
				INFOPLIST_KEY_UILaunchStoryboardName = LaunchScreen;
				INFOPLIST_KEY_UIMainStoryboardFile = Main;
				INFOPLIST_KEY_UISupportedInterfaceOrientations_iPad = "UIInterfaceOrientationPortrait UIInterfaceOrientationPortraitUpsideDown UIInterfaceOrientationLandscapeLeft UIInterfaceOrientationLandscapeRight";
				INFOPLIST_KEY_UISupportedInterfaceOrientations_iPhone = "UIInterfaceOrientationPortrait UIInterfaceOrientationLandscapeLeft UIInterfaceOrientationLandscapeRight";
				IPHONEOS_DEPLOYMENT_TARGET = 16.0;
				LD_RUNPATH_SEARCH_PATHS = (
					"$(inherited)",
					"@executable_path/Frameworks",
				);
				MARKETING_VERSION = 1.0;
				PRODUCT_BUNDLE_IDENTIFIER = "Tezcan.Dog-Lister";
				PRODUCT_NAME = "$(TARGET_NAME)";
				SWIFT_EMIT_LOC_STRINGS = YES;
				SWIFT_VERSION = 5.0;
				TARGETED_DEVICE_FAMILY = "1,2";
			};
			name = Debug;
		};
		ECA2CD892AF29B0D00D73403 /* Release */ = {
			isa = XCBuildConfiguration;
			buildSettings = {
				ASSETCATALOG_COMPILER_APPICON_NAME = AppIcon;
				ASSETCATALOG_COMPILER_GLOBAL_ACCENT_COLOR_NAME = AccentColor;
				CODE_SIGN_STYLE = Automatic;
				CURRENT_PROJECT_VERSION = 1;
				DEVELOPMENT_TEAM = KCTBAQYZF8;
				GENERATE_INFOPLIST_FILE = YES;
				INFOPLIST_FILE = "Dog Lister/Info.plist";
				INFOPLIST_KEY_UIApplicationSupportsIndirectInputEvents = YES;
				INFOPLIST_KEY_UILaunchStoryboardName = LaunchScreen;
				INFOPLIST_KEY_UIMainStoryboardFile = Main;
				INFOPLIST_KEY_UISupportedInterfaceOrientations_iPad = "UIInterfaceOrientationPortrait UIInterfaceOrientationPortraitUpsideDown UIInterfaceOrientationLandscapeLeft UIInterfaceOrientationLandscapeRight";
				INFOPLIST_KEY_UISupportedInterfaceOrientations_iPhone = "UIInterfaceOrientationPortrait UIInterfaceOrientationLandscapeLeft UIInterfaceOrientationLandscapeRight";
				IPHONEOS_DEPLOYMENT_TARGET = 16.0;
				LD_RUNPATH_SEARCH_PATHS = (
					"$(inherited)",
					"@executable_path/Frameworks",
				);
				MARKETING_VERSION = 1.0;
				PRODUCT_BUNDLE_IDENTIFIER = "Tezcan.Dog-Lister";
				PRODUCT_NAME = "$(TARGET_NAME)";
				SWIFT_EMIT_LOC_STRINGS = YES;
				SWIFT_VERSION = 5.0;
				TARGETED_DEVICE_FAMILY = "1,2";
			};
			name = Release;
		};
		ECA2CD8B2AF29B0D00D73403 /* Debug */ = {
			isa = XCBuildConfiguration;
			buildSettings = {
				ALWAYS_EMBED_SWIFT_STANDARD_LIBRARIES = YES;
				BUNDLE_LOADER = "$(TEST_HOST)";
				CODE_SIGN_STYLE = Automatic;
				CURRENT_PROJECT_VERSION = 1;
				DEVELOPMENT_TEAM = KCTBAQYZF8;
				GENERATE_INFOPLIST_FILE = YES;
				IPHONEOS_DEPLOYMENT_TARGET = 17.0;
				MARKETING_VERSION = 1.0;
				PRODUCT_BUNDLE_IDENTIFIER = "Tezcan.Dog-ListerTests";
				PRODUCT_NAME = "$(TARGET_NAME)";
				SWIFT_EMIT_LOC_STRINGS = NO;
				SWIFT_VERSION = 5.0;
				TARGETED_DEVICE_FAMILY = "1,2";
				TEST_HOST = "$(BUILT_PRODUCTS_DIR)/Dog Lister.app/$(BUNDLE_EXECUTABLE_FOLDER_PATH)/Dog Lister";
			};
			name = Debug;
		};
		ECA2CD8C2AF29B0D00D73403 /* Release */ = {
			isa = XCBuildConfiguration;
			buildSettings = {
				ALWAYS_EMBED_SWIFT_STANDARD_LIBRARIES = YES;
				BUNDLE_LOADER = "$(TEST_HOST)";
				CODE_SIGN_STYLE = Automatic;
				CURRENT_PROJECT_VERSION = 1;
				DEVELOPMENT_TEAM = KCTBAQYZF8;
				GENERATE_INFOPLIST_FILE = YES;
				IPHONEOS_DEPLOYMENT_TARGET = 17.0;
				MARKETING_VERSION = 1.0;
				PRODUCT_BUNDLE_IDENTIFIER = "Tezcan.Dog-ListerTests";
				PRODUCT_NAME = "$(TARGET_NAME)";
				SWIFT_EMIT_LOC_STRINGS = NO;
				SWIFT_VERSION = 5.0;
				TARGETED_DEVICE_FAMILY = "1,2";
				TEST_HOST = "$(BUILT_PRODUCTS_DIR)/Dog Lister.app/$(BUNDLE_EXECUTABLE_FOLDER_PATH)/Dog Lister";
			};
			name = Release;
		};
		ECA2CD8E2AF29B0D00D73403 /* Debug */ = {
			isa = XCBuildConfiguration;
			buildSettings = {
				ALWAYS_EMBED_SWIFT_STANDARD_LIBRARIES = YES;
				CODE_SIGN_STYLE = Automatic;
				CURRENT_PROJECT_VERSION = 1;
				DEVELOPMENT_TEAM = KCTBAQYZF8;
				GENERATE_INFOPLIST_FILE = YES;
				MARKETING_VERSION = 1.0;
				PRODUCT_BUNDLE_IDENTIFIER = "Tezcan.Dog-ListerUITests";
				PRODUCT_NAME = "$(TARGET_NAME)";
				SWIFT_EMIT_LOC_STRINGS = NO;
				SWIFT_VERSION = 5.0;
				TARGETED_DEVICE_FAMILY = "1,2";
				TEST_TARGET_NAME = "Dog Lister";
			};
			name = Debug;
		};
		ECA2CD8F2AF29B0D00D73403 /* Release */ = {
			isa = XCBuildConfiguration;
			buildSettings = {
				ALWAYS_EMBED_SWIFT_STANDARD_LIBRARIES = YES;
				CODE_SIGN_STYLE = Automatic;
				CURRENT_PROJECT_VERSION = 1;
				DEVELOPMENT_TEAM = KCTBAQYZF8;
				GENERATE_INFOPLIST_FILE = YES;
				MARKETING_VERSION = 1.0;
				PRODUCT_BUNDLE_IDENTIFIER = "Tezcan.Dog-ListerUITests";
				PRODUCT_NAME = "$(TARGET_NAME)";
				SWIFT_EMIT_LOC_STRINGS = NO;
				SWIFT_VERSION = 5.0;
				TARGETED_DEVICE_FAMILY = "1,2";
				TEST_TARGET_NAME = "Dog Lister";
			};
			name = Release;
		};
/* End XCBuildConfiguration section */

/* Begin XCConfigurationList section */
		ECA2CD552AF29B0B00D73403 /* Build configuration list for PBXProject "Dog Lister" */ = {
			isa = XCConfigurationList;
			buildConfigurations = (
				ECA2CD852AF29B0D00D73403 /* Debug */,
				ECA2CD862AF29B0D00D73403 /* Release */,
			);
			defaultConfigurationIsVisible = 0;
			defaultConfigurationName = Release;
		};
		ECA2CD872AF29B0D00D73403 /* Build configuration list for PBXNativeTarget "Dog Lister" */ = {
			isa = XCConfigurationList;
			buildConfigurations = (
				ECA2CD882AF29B0D00D73403 /* Debug */,
				ECA2CD892AF29B0D00D73403 /* Release */,
			);
			defaultConfigurationIsVisible = 0;
			defaultConfigurationName = Release;
		};
		ECA2CD8A2AF29B0D00D73403 /* Build configuration list for PBXNativeTarget "Dog ListerTests" */ = {
			isa = XCConfigurationList;
			buildConfigurations = (
				ECA2CD8B2AF29B0D00D73403 /* Debug */,
				ECA2CD8C2AF29B0D00D73403 /* Release */,
			);
			defaultConfigurationIsVisible = 0;
			defaultConfigurationName = Release;
		};
		ECA2CD8D2AF29B0D00D73403 /* Build configuration list for PBXNativeTarget "Dog ListerUITests" */ = {
			isa = XCConfigurationList;
			buildConfigurations = (
				ECA2CD8E2AF29B0D00D73403 /* Debug */,
				ECA2CD8F2AF29B0D00D73403 /* Release */,
			);
			defaultConfigurationIsVisible = 0;
			defaultConfigurationName = Release;
		};
/* End XCConfigurationList section */

/* Begin XCVersionGroup section */
		ECA2CD662AF29B0B00D73403 /* Dog_Lister.xcdatamodeld */ = {
			isa = XCVersionGroup;
			children = (
				ECA2CD672AF29B0B00D73403 /* Dog_Lister.xcdatamodel */,
			);
			currentVersion = ECA2CD672AF29B0B00D73403 /* Dog_Lister.xcdatamodel */;
			path = Dog_Lister.xcdatamodeld;
			sourceTree = "<group>";
			versionGroupType = wrapper.xcdatamodel;
		};
/* End XCVersionGroup section */
	};
	rootObject = ECA2CD522AF29B0B00D73403 /* Project object */;
}
